
Microsoft Visual Studio Solution File, Format Version 12.00
# Visual Studio Version 17
VisualStudioVersion = 17.5.002.0
MinimumVisualStudioVersion = 10.0.40219.1
Project("{9A19103F-16F7-4668-BE54-9A1E7A4F7556}") = "EWS.API", "EWS.API\EWS.API.csproj", "{E3F6C2A8-24D0-4B75-A1ED-70FAF31363C0}"
EndProject
Project("{9A19103F-16F7-4668-BE54-9A1E7A4F7556}") = "EWS.APP", "EWS.APP\EWS.APP.csproj", "{A650608B-3566-4242-A02F-BDD00A1F53FF}"
EndProject
Global
	GlobalSection(SolutionConfigurationPlatforms) = preSolution
		Debug|Any CPU = Debug|Any CPU
		Release|Any CPU = Release|Any CPU
	EndGlobalSection
	GlobalSection(ProjectConfigurationPlatforms) = postSolution
		{E3F6C2A8-24D0-4B75-A1ED-70FAF31363C0}.Debug|Any CPU.ActiveCfg = Debug|Any CPU
		{E3F6C2A8-24D0-4B75-A1ED-70FAF31363C0}.Debug|Any CPU.Build.0 = Debug|Any CPU
		{E3F6C2A8-24D0-4B75-A1ED-70FAF31363C0}.Release|Any CPU.ActiveCfg = Release|Any CPU
		{E3F6C2A8-24D0-4B75-A1ED-70FAF31363C0}.Release|Any CPU.Build.0 = Release|Any CPU
		{A650608B-3566-4242-A02F-BDD00A1F53FF}.Debug|Any CPU.ActiveCfg = Debug|Any CPU
		{A650608B-3566-4242-A02F-BDD00A1F53FF}.Debug|Any CPU.Build.0 = Debug|Any CPU
		{A650608B-3566-4242-A02F-BDD00A1F53FF}.Release|Any CPU.ActiveCfg = Release|Any CPU
		{A650608B-3566-4242-A02F-BDD00A1F53FF}.Release|Any CPU.Build.0 = Release|Any CPU
	EndGlobalSection
	GlobalSection(SolutionProperties) = preSolution
		HideSolutionNode = FALSE
	EndGlobalSection
	GlobalSection(ExtensibilityGlobals) = postSolution
		SolutionGuid = {8EA64B8D-FD71-4219-90BF-4DAFD2AE7D09}
	EndGlobalSection
EndGlobal
